
Microsoft Visual Studio Solution File, Format Version 12.00
# Visual Studio Version 17
VisualStudioVersion = 17.3.32901.215
MinimumVisualStudioVersion = 10.0.40219.1
Project("{FAE04EC0-301F-11D3-BF4B-00C04F79EFBC}") = "WebApplication_Container_API", "WebApplication_Container\WebApplication_Container_API.csproj", "{4D903CC4-B47B-4AA2-8645-5B87B58750D2}"
EndProject
Global
	GlobalSection(SolutionConfigurationPlatforms) = preSolution
		Debug|Any CPU = Debug|Any CPU
		Release|Any CPU = Release|Any CPU
	EndGlobalSection
	GlobalSection(ProjectConfigurationPlatforms) = postSolution
		{4D903CC4-B47B-4AA2-8645-5B87B58750D2}.Debug|Any CPU.ActiveCfg = Debug|Any CPU
		{4D903CC4-B47B-4AA2-8645-5B87B58750D2}.Debug|Any CPU.Build.0 = Debug|Any CPU
		{4D903CC4-B47B-4AA2-8645-5B87B58750D2}.Release|Any CPU.ActiveCfg = Release|Any CPU
		{4D903CC4-B47B-4AA2-8645-5B87B58750D2}.Release|Any CPU.Build.0 = Release|Any CPU
	EndGlobalSection
	GlobalSection(SolutionProperties) = preSolution
		HideSolutionNode = FALSE
	EndGlobalSection
	GlobalSection(ExtensibilityGlobals) = postSolution
		SolutionGuid = {0BAC36CB-FEDD-43A4-8B1F-529D025C9739}
	EndGlobalSection
EndGlobal
